
Microsoft Visual Studio Solution File, Format Version 12.00
Project("{FAE04EC0-301F-11D3-BF4B-00C04F79EFBC}") = "Recycle", "Recycle\Recycle.csproj", "{F6B24FBB-F8C0-462E-8A1C-4D96C61DB058}"
EndProject
Global
	GlobalSection(SolutionConfigurationPlatforms) = preSolution
		Debug|Any CPU = Debug|Any CPU
		Release|Any CPU = Release|Any CPU
	EndGlobalSection
	GlobalSection(ProjectConfigurationPlatforms) = postSolution
		{F6B24FBB-F8C0-462E-8A1C-4D96C61DB058}.Debug|Any CPU.ActiveCfg = Debug|Any CPU
		{F6B24FBB-F8C0-462E-8A1C-4D96C61DB058}.Debug|Any CPU.Build.0 = Debug|Any CPU
		{F6B24FBB-F8C0-462E-8A1C-4D96C61DB058}.Release|Any CPU.ActiveCfg = Release|Any CPU
		{F6B24FBB-F8C0-462E-8A1C-4D96C61DB058}.Release|Any CPU.Build.0 = Release|Any CPU
	EndGlobalSection
EndGlobal
